{
  "originHash" : "1ee22c62181ca86b730c88f216008e5f5eda96c3dc828565477fc34de3b071ec",
  "pins" : [
    {
      "identity" : "permissionflow",
      "kind" : "remoteSourceControl",
      "location" : "https://github.com/jaywcjlove/PermissionFlow.git",
      "state" : {
        "revision" : "2f2a4b76b1eb2ff7ab815b977be8229853f10bf8",
        "version" : "2.11.2"
      }
    },
    {
      "identity" : "sentry-cocoa",
      "kind" : "remoteSourceControl",
      "location" : "https://github.com/getsentry/sentry-cocoa.git",
      "state" : {
        "revision" : "61e8cb02434b26fb34c58126d883e5663cfde238",
        "version" : "9.28.0"
      }
    },
    {
      "identity" : "sparkle",
      "kind" : "remoteSourceControl",
      "location" : "https://github.com/sparkle-project/Sparkle.git",
      "state" : {
        "revision" : "ac2def288cbff5cfc7df3ffef6abdf45b72bcb0a",
        "version" : "2.9.6"
      }
    }
  ],
  "version" : 3
}
